// !$*UTF8*$!
{
	archiveVersion = 1;
	classes = {
	};
	objectVersion = 46;
	objects = {

/* Begin PBXBuildFile section */
		497639B11651D523008B0569 /* food@2x.png in Resources */ = {isa = PBXBuildFile; fileRef = 497639B01651D523008B0569 /* food@2x.png */; };
		497639B31651D598008B0569 /* food.png in Resources */ = {isa = PBXBuildFile; fileRef = 497639B21651D598008B0569 /* food.png */; };
		497639B51651D619008B0569 /* map@2x.png in Resources */ = {isa = PBXBuildFile; fileRef = 497639B41651D618008B0569 /* map@2x.png */; };
		497639B71651D64D008B0569 /* map.png in Resources */ = {isa = PBXBuildFile; fileRef = 497639B61651D64D008B0569 /* map.png */; };
		497639B91651D6F6008B0569 /* events@2x.png in Resources */ = {isa = PBXBuildFile; fileRef = 497639B81651D6F6008B0569 /* events@2x.png */; };
		497639BB1651D72A008B0569 /* events.png in Resources */ = {isa = PBXBuildFile; fileRef = 497639BA1651D72A008B0569 /* events.png */; };
		497639BD1651D766008B0569 /* realestate@2x.png in Resources */ = {isa = PBXBuildFile; fileRef = 497639BC1651D766008B0569 /* realestate@2x.png */; };
		497639BF1651D784008B0569 /* realestate.png in Resources */ = {isa = PBXBuildFile; fileRef = 497639BE1651D784008B0569 /* realestate.png */; };
		497639C11651D7CA008B0569 /* biz@2x.png in Resources */ = {isa = PBXBuildFile; fileRef = 497639C01651D7CA008B0569 /* biz@2x.png */; };
		497639C31651D7E8008B0569 /* biz.png in Resources */ = {isa = PBXBuildFile; fileRef = 497639C21651D7E8008B0569 /* biz.png */; };
		497639C51651D8D1008B0569 /* twdamap.png in Resources */ = {isa = PBXBuildFile; fileRef = 497639C41651D8D1008B0569 /* twdamap.png */; };
		954115931651BFE100113346 /* UIKit.framework in Frameworks */ = {isa = PBXBuildFile; fileRef = 954115921651BFE100113346 /* UIKit.framework */; };
		954115951651BFE100113346 /* Foundation.framework in Frameworks */ = {isa = PBXBuildFile; fileRef = 954115941651BFE100113346 /* Foundation.framework */; };
		954115971651BFE100113346 /* CoreGraphics.framework in Frameworks */ = {isa = PBXBuildFile; fileRef = 954115961651BFE100113346 /* CoreGraphics.framework */; };
		9541159D1651BFE100113346 /* InfoPlist.strings in Resources */ = {isa = PBXBuildFile; fileRef = 9541159B1651BFE100113346 /* InfoPlist.strings */; };
		9541159F1651BFE100113346 /* main.m in Sources */ = {isa = PBXBuildFile; fileRef = 9541159E1651BFE100113346 /* main.m */; };
		954115A31651BFE100113346 /* TWDAAppDelegate.m in Sources */ = {isa = PBXBuildFile; fileRef = 954115A21651BFE100113346 /* TWDAAppDelegate.m */; };
		954115A51651BFE100113346 /* Default.png in Resources */ = {isa = PBXBuildFile; fileRef = 954115A41651BFE100113346 /* Default.png */; };
		954115A71651BFE100113346 /* Default@2x.png in Resources */ = {isa = PBXBuildFile; fileRef = 954115A61651BFE100113346 /* Default@2x.png */; };
		954115A91651BFE100113346 /* Default-568h@2x.png in Resources */ = {isa = PBXBuildFile; fileRef = 954115A81651BFE100113346 /* Default-568h@2x.png */; };
		954115AC1651BFE100113346 /* MainStoryboard.storyboard in Resources */ = {isa = PBXBuildFile; fileRef = 954115AA1651BFE100113346 /* MainStoryboard.storyboard */; };
		954115C61651C64000113346 /* TWDABusinessViewController.m in Sources */ = {isa = PBXBuildFile; fileRef = 954115C51651C64000113346 /* TWDABusinessViewController.m */; };
		954115C91651C65300113346 /* TWDARestaurantsViewController.m in Sources */ = {isa = PBXBuildFile; fileRef = 954115C81651C65300113346 /* TWDARestaurantsViewController.m */; };
		954115CC1651C66400113346 /* TWDAEventsViewController.m in Sources */ = {isa = PBXBuildFile; fileRef = 954115CB1651C66400113346 /* TWDAEventsViewController.m */; };
		954115D01651C68100113346 /* TWDARealEstateViewController.m in Sources */ = {isa = PBXBuildFile; fileRef = 954115CF1651C68000113346 /* TWDARealEstateViewController.m */; };
		954115D31651C68E00113346 /* TWDAMapViewController.m in Sources */ = {isa = PBXBuildFile; fileRef = 954115D21651C68E00113346 /* TWDAMapViewController.m */; };
		954115DA1651D35300113346 /* TWDAParser.m in Sources */ = {isa = PBXBuildFile; fileRef = 954115D91651D35300113346 /* TWDAParser.m */; };
/* End PBXBuildFile section */

/* Begin PBXFileReference section */
		497639B01651D523008B0569 /* food@2x.png */ = {isa = PBXFileReference; lastKnownFileType = image.png; name = "food@2x.png"; path = "48x48/food@2x.png"; sourceTree = "<group>"; };
		497639B21651D598008B0569 /* food.png */ = {isa = PBXFileReference; lastKnownFileType = image.png; path = food.png; sourceTree = "<group>"; };
		497639B41651D618008B0569 /* map@2x.png */ = {isa = PBXFileReference; lastKnownFileType = image.png; path = "map@2x.png"; sourceTree = "<group>"; };
		497639B61651D64D008B0569 /* map.png */ = {isa = PBXFileReference; lastKnownFileType = image.png; path = map.png; sourceTree = "<group>"; };
		497639B81651D6F6008B0569 /* events@2x.png */ = {isa = PBXFileReference; lastKnownFileType = image.png; path = "events@2x.png"; sourceTree = "<group>"; };
		497639BA1651D72A008B0569 /* events.png */ = {isa = PBXFileReference; lastKnownFileType = image.png; path = events.png; sourceTree = "<group>"; };
		497639BC1651D766008B0569 /* realestate@2x.png */ = {isa = PBXFileReference; lastKnownFileType = image.png; path = "realestate@2x.png"; sourceTree = "<group>"; };
		497639BE1651D784008B0569 /* realestate.png */ = {isa = PBXFileReference; lastKnownFileType = image.png; path = realestate.png; sourceTree = "<group>"; };
		497639C01651D7CA008B0569 /* biz@2x.png */ = {isa = PBXFileReference; lastKnownFileType = image.png; path = "biz@2x.png"; sourceTree = "<group>"; };
		497639C21651D7E8008B0569 /* biz.png */ = {isa = PBXFileReference; lastKnownFileType = image.png; path = biz.png; sourceTree = "<group>"; };
		497639C41651D8D1008B0569 /* twdamap.png */ = {isa = PBXFileReference; lastKnownFileType = image.png; path = twdamap.png; sourceTree = "<group>"; };
		9541158E1651BFE100113346 /* warehousedistrict.app */ = {isa = PBXFileReference; explicitFileType = wrapper.application; includeInIndex = 0; path = warehousedistrict.app; sourceTree = BUILT_PRODUCTS_DIR; };
		954115921651BFE100113346 /* UIKit.framework */ = {isa = PBXFileReference; lastKnownFileType = wrapper.framework; name = UIKit.framework; path = System/Library/Frameworks/UIKit.framework; sourceTree = SDKROOT; };
		954115941651BFE100113346 /* Foundation.framework */ = {isa = PBXFileReference; lastKnownFileType = wrapper.framework; name = Foundation.framework; path = System/Library/Frameworks/Foundation.framework; sourceTree = SDKROOT; };
		954115961651BFE100113346 /* CoreGraphics.framework */ = {isa = PBXFileReference; lastKnownFileType = wrapper.framework; name = CoreGraphics.framework; path = System/Library/Frameworks/CoreGraphics.framework; sourceTree = SDKROOT; };
		9541159A1651BFE100113346 /* warehousedistrict-Info.plist */ = {isa = PBXFileReference; lastKnownFileType = text.plist.xml; path = "warehousedistrict-Info.plist"; sourceTree = "<group>"; };
		9541159C1651BFE100113346 /* en */ = {isa = PBXFileReference; lastKnownFileType = text.plist.strings; name = en; path = en.lproj/InfoPlist.strings; sourceTree = "<group>"; };
		9541159E1651BFE100113346 /* main.m */ = {isa = PBXFileReference; lastKnownFileType = sourcecode.c.objc; path = main.m; sourceTree = "<group>"; };
		954115A01651BFE100113346 /* warehousedistrict-Prefix.pch */ = {isa = PBXFileReference; lastKnownFileType = sourcecode.c.h; path = "warehousedistrict-Prefix.pch"; sourceTree = "<group>"; };
		954115A11651BFE100113346 /* TWDAAppDelegate.h */ = {isa = PBXFileReference; lastKnownFileType = sourcecode.c.h; path = TWDAAppDelegate.h; sourceTree = "<group>"; };
		954115A21651BFE100113346 /* TWDAAppDelegate.m */ = {isa = PBXFileReference; lastKnownFileType = sourcecode.c.objc; path = TWDAAppDelegate.m; sourceTree = "<group>"; };
		954115A41651BFE100113346 /* Default.png */ = {isa = PBXFileReference; lastKnownFileType = image.png; path = Default.png; sourceTree = "<group>"; };
		954115A61651BFE100113346 /* Default@2x.png */ = {isa = PBXFileReference; lastKnownFileType = image.png; path = "Default@2x.png"; sourceTree = "<group>"; };
		954115A81651BFE100113346 /* Default-568h@2x.png */ = {isa = PBXFileReference; lastKnownFileType = image.png; path = "Default-568h@2x.png"; sourceTree = "<group>"; };
		954115AB1651BFE100113346 /* en */ = {isa = PBXFileReference; lastKnownFileType = file.storyboard; name = en; path = en.lproj/MainStoryboard.storyboard; sourceTree = "<group>"; };
		954115C41651C64000113346 /* TWDABusinessViewController.h */ = {isa = PBXFileReference; fileEncoding = 4; lastKnownFileType = sourcecode.c.h; path = TWDABusinessViewController.h; sourceTree = "<group>"; };
		954115C51651C64000113346 /* TWDABusinessViewController.m */ = {isa = PBXFileReference; fileEncoding = 4; lastKnownFileType = sourcecode.c.objc; path = TWDABusinessViewController.m; sourceTree = "<group>"; };
		954115C71651C65300113346 /* TWDARestaurantsViewController.h */ = {isa = PBXFileReference; fileEncoding = 4; lastKnownFileType = sourcecode.c.h; path = TWDARestaurantsViewController.h; sourceTree = "<group>"; };
		954115C81651C65300113346 /* TWDARestaurantsViewController.m */ = {isa = PBXFileReference; fileEncoding = 4; lastKnownFileType = sourcecode.c.objc; path = TWDARestaurantsViewController.m; sourceTree = "<group>"; };
		954115CA1651C66400113346 /* TWDAEventsViewController.h */ = {isa = PBXFileReference; fileEncoding = 4; lastKnownFileType = sourcecode.c.h; path = TWDAEventsViewController.h; sourceTree = "<group>"; };
		954115CB1651C66400113346 /* TWDAEventsViewController.m */ = {isa = PBXFileReference; fileEncoding = 4; lastKnownFileType = sourcecode.c.objc; path = TWDAEventsViewController.m; sourceTree = "<group>"; };
		954115CE1651C68000113346 /* TWDARealEstateViewController.h */ = {isa = PBXFileReference; fileEncoding = 4; lastKnownFileType = sourcecode.c.h; path = TWDARealEstateViewController.h; sourceTree = "<group>"; };
		954115CF1651C68000113346 /* TWDARealEstateViewController.m */ = {isa = PBXFileReference; fileEncoding = 4; lastKnownFileType = sourcecode.c.objc; path = TWDARealEstateViewController.m; sourceTree = "<group>"; };
		954115D11651C68E00113346 /* TWDAMapViewController.h */ = {isa = PBXFileReference; fileEncoding = 4; lastKnownFileType = sourcecode.c.h; path = TWDAMapViewController.h; sourceTree = "<group>"; };
		954115D21651C68E00113346 /* TWDAMapViewController.m */ = {isa = PBXFileReference; fileEncoding = 4; lastKnownFileType = sourcecode.c.objc; path = TWDAMapViewController.m; sourceTree = "<group>"; };
		954115D81651D35300113346 /* TWDAParser.h */ = {isa = PBXFileReference; fileEncoding = 4; lastKnownFileType = sourcecode.c.h; path = TWDAParser.h; sourceTree = "<group>"; };
		954115D91651D35300113346 /* TWDAParser.m */ = {isa = PBXFileReference; fileEncoding = 4; lastKnownFileType = sourcecode.c.objc; path = TWDAParser.m; sourceTree = "<group>"; };
/* End PBXFileReference section */

/* Begin PBXFrameworksBuildPhase section */
		9541158B1651BFE100113346 /* Frameworks */ = {
			isa = PBXFrameworksBuildPhase;
			buildActionMask = 2147483647;
			files = (
				954115931651BFE100113346 /* UIKit.framework in Frameworks */,
				954115951651BFE100113346 /* Foundation.framework in Frameworks */,
				954115971651BFE100113346 /* CoreGraphics.framework in Frameworks */,
			);
			runOnlyForDeploymentPostprocessing = 0;
		};
/* End PBXFrameworksBuildPhase section */

/* Begin PBXGroup section */
		954115831651BFE100113346 = {
			isa = PBXGroup;
			children = (
				954115981651BFE100113346 /* warehousedistrict */,
				954115911651BFE100113346 /* Frameworks */,
				9541158F1651BFE100113346 /* Products */,
			);
			sourceTree = "<group>";
		};
		9541158F1651BFE100113346 /* Products */ = {
			isa = PBXGroup;
			children = (
				9541158E1651BFE100113346 /* warehousedistrict.app */,
			);
			name = Products;
			sourceTree = "<group>";
		};
		954115911651BFE100113346 /* Frameworks */ = {
			isa = PBXGroup;
			children = (
				954115921651BFE100113346 /* UIKit.framework */,
				954115941651BFE100113346 /* Foundation.framework */,
				954115961651BFE100113346 /* CoreGraphics.framework */,
			);
			name = Frameworks;
			sourceTree = "<group>";
		};
		954115981651BFE100113346 /* warehousedistrict */ = {
			isa = PBXGroup;
			children = (
				954115CA1651C66400113346 /* TWDAEventsViewController.h */,
				954115C11651C5F700113346 /* Models */,
				954115C21651C5FD00113346 /* Views */,
				954115C31651C60300113346 /* Controllers */,
				954115C01651C5F300113346 /* Images */,
				954115A11651BFE100113346 /* TWDAAppDelegate.h */,
				954115A21651BFE100113346 /* TWDAAppDelegate.m */,
				954115991651BFE100113346 /* Supporting Files */,
			);
			path = warehousedistrict;
			sourceTree = "<group>";
		};
		954115991651BFE100113346 /* Supporting Files */ = {
			isa = PBXGroup;
			children = (
				9541159A1651BFE100113346 /* warehousedistrict-Info.plist */,
				9541159B1651BFE100113346 /* InfoPlist.strings */,
				9541159E1651BFE100113346 /* main.m */,
				954115A01651BFE100113346 /* warehousedistrict-Prefix.pch */,
				954115A41651BFE100113346 /* Default.png */,
				954115A61651BFE100113346 /* Default@2x.png */,
				954115A81651BFE100113346 /* Default-568h@2x.png */,
			);
			name = "Supporting Files";
			sourceTree = "<group>";
		};
		954115C01651C5F300113346 /* Images */ = {
			isa = PBXGroup;
			children = (
				497639C41651D8D1008B0569 /* twdamap.png */,
				497639C21651D7E8008B0569 /* biz.png */,
				497639C01651D7CA008B0569 /* biz@2x.png */,
				497639BE1651D784008B0569 /* realestate.png */,
				497639BC1651D766008B0569 /* realestate@2x.png */,
				497639BA1651D72A008B0569 /* events.png */,
				497639B81651D6F6008B0569 /* events@2x.png */,
				497639B61651D64D008B0569 /* map.png */,
				497639B41651D618008B0569 /* map@2x.png */,
				497639B21651D598008B0569 /* food.png */,
				497639B01651D523008B0569 /* food@2x.png */,
			);
			name = Images;
			sourceTree = "<group>";
		};
		954115C11651C5F700113346 /* Models */ = {
			isa = PBXGroup;
			children = (
				954115D81651D35300113346 /* TWDAParser.h */,
				954115D91651D35300113346 /* TWDAParser.m */,
			);
			name = Models;
			sourceTree = "<group>";
		};
		954115C21651C5FD00113346 /* Views */ = {
			isa = PBXGroup;
			children = (
				954115AA1651BFE100113346 /* MainStoryboard.storyboard */,
			);
			name = Views;
			sourceTree = "<group>";
		};
		954115C31651C60300113346 /* Controllers */ = {
			isa = PBXGroup;
			children = (
				95951D2D16580CA600FCF939 /* Master */,
				95951D2F16580CB500FCF939 /* Detail */,
			);
			name = Controllers;
			sourceTree = "<group>";
		};
		95951D2D16580CA600FCF939 /* Master */ = {
			isa = PBXGroup;
			children = (
				954115C41651C64000113346 /* TWDABusinessViewController.h */,
				954115C51651C64000113346 /* TWDABusinessViewController.m */,
				954115C71651C65300113346 /* TWDARestaurantsViewController.h */,
				954115C81651C65300113346 /* TWDARestaurantsViewController.m */,
				954115CB1651C66400113346 /* TWDAEventsViewController.m */,
				954115CE1651C68000113346 /* TWDARealEstateViewController.h */,
				954115CF1651C68000113346 /* TWDARealEstateViewController.m */,
				954115D11651C68E00113346 /* TWDAMapViewController.h */,
				954115D21651C68E00113346 /* TWDAMapViewController.m */,
			);
			name = Master;
			sourceTree = "<group>";
		};
		95951D2F16580CB500FCF939 /* Detail */ = {
			isa = PBXGroup;
			children = (
			);
			name = Detail;
			sourceTree = "<group>";
		};
/* End PBXGroup section */

/* Begin PBXNativeTarget section */
		9541158D1651BFE100113346 /* warehousedistrict */ = {
			isa = PBXNativeTarget;
			buildConfigurationList = 954115BD1651BFE100113346 /* Build configuration list for PBXNativeTarget "warehousedistrict" */;
			buildPhases = (
				9541158A1651BFE100113346 /* Sources */,
				9541158B1651BFE100113346 /* Frameworks */,
				9541158C1651BFE100113346 /* Resources */,
			);
			buildRules = (
			);
			dependencies = (
			);
			name = warehousedistrict;
			productName = warehousedistrict;
			productReference = 9541158E1651BFE100113346 /* warehousedistrict.app */;
			productType = "com.apple.product-type.application";
		};
/* End PBXNativeTarget section */

/* Begin PBXProject section */
		954115851651BFE100113346 /* Project object */ = {
			isa = PBXProject;
			attributes = {
				CLASSPREFIX = TWDA;
				LastUpgradeCheck = 0450;
				ORGANIZATIONNAME = GroundSpeed;
			};
			buildConfigurationList = 954115881651BFE100113346 /* Build configuration list for PBXProject "warehousedistrict" */;
			compatibilityVersion = "Xcode 3.2";
			developmentRegion = English;
			hasScannedForEncodings = 0;
			knownRegions = (
				en,
			);
			mainGroup = 954115831651BFE100113346;
			productRefGroup = 9541158F1651BFE100113346 /* Products */;
			projectDirPath = "";
			projectRoot = "";
			targets = (
				9541158D1651BFE100113346 /* warehousedistrict */,
			);
		};
/* End PBXProject section */

/* Begin PBXResourcesBuildPhase section */
		9541158C1651BFE100113346 /* Resources */ = {
			isa = PBXResourcesBuildPhase;
			buildActionMask = 2147483647;
			files = (
				9541159D1651BFE100113346 /* InfoPlist.strings in Resources */,
				954115A51651BFE100113346 /* Default.png in Resources */,
				954115A71651BFE100113346 /* Default@2x.png in Resources */,
				954115A91651BFE100113346 /* Default-568h@2x.png in Resources */,
				954115AC1651BFE100113346 /* MainStoryboard.storyboard in Resources */,
				497639B11651D523008B0569 /* food@2x.png in Resources */,
				497639B31651D598008B0569 /* food.png in Resources */,
				497639B51651D619008B0569 /* map@2x.png in Resources */,
				497639B71651D64D008B0569 /* map.png in Resources */,
				497639B91651D6F6008B0569 /* events@2x.png in Resources */,
				497639BB1651D72A008B0569 /* events.png in Resources */,
				497639BD1651D766008B0569 /* realestate@2x.png in Resources */,
				497639BF1651D784008B0569 /* realestate.png in Resources */,
				497639C11651D7CA008B0569 /* biz@2x.png in Resources */,
				497639C31651D7E8008B0569 /* biz.png in Resources */,
				497639C51651D8D1008B0569 /* twdamap.png in Resources */,
			);
			runOnlyForDeploymentPostprocessing = 0;
		};
/* End PBXResourcesBuildPhase section */

/* Begin PBXSourcesBuildPhase section */
		9541158A1651BFE100113346 /* Sources */ = {
			isa = PBXSourcesBuildPhase;
			buildActionMask = 2147483647;
			files = (
				9541159F1651BFE100113346 /* main.m in Sources */,
				954115A31651BFE100113346 /* TWDAAppDelegate.m in Sources */,
				954115C61651C64000113346 /* TWDABusinessViewController.m in Sources */,
				954115C91651C65300113346 /* TWDARestaurantsViewController.m in Sources */,
				954115CC1651C66400113346 /* TWDAEventsViewController.m in Sources */,
				954115D01651C68100113346 /* TWDARealEstateViewController.m in Sources */,
				954115D31651C68E00113346 /* TWDAMapViewController.m in Sources */,
				954115DA1651D35300113346 /* TWDAParser.m in Sources */,
			);
			runOnlyForDeploymentPostprocessing = 0;
		};
/* End PBXSourcesBuildPhase section */

/* Begin PBXVariantGroup section */
		9541159B1651BFE100113346 /* InfoPlist.strings */ = {
			isa = PBXVariantGroup;
			children = (
				9541159C1651BFE100113346 /* en */,
			);
			name = InfoPlist.strings;
			sourceTree = "<group>";
		};
		954115AA1651BFE100113346 /* MainStoryboard.storyboard */ = {
			isa = PBXVariantGroup;
			children = (
				954115AB1651BFE100113346 /* en */,
			);
			name = MainStoryboard.storyboard;
			sourceTree = "<group>";
		};
/* End PBXVariantGroup section */

/* Begin XCBuildConfiguration section */
		954115BB1651BFE100113346 /* Debug */ = {
			isa = XCBuildConfiguration;
			buildSettings = {
				ALWAYS_SEARCH_USER_PATHS = NO;
				CLANG_CXX_LANGUAGE_STANDARD = "gnu++0x";
				CLANG_CXX_LIBRARY = "libc++";
				CLANG_ENABLE_OBJC_ARC = YES;
				CLANG_WARN_EMPTY_BODY = YES;
				CLANG_WARN__DUPLICATE_METHOD_MATCH = YES;
				"CODE_SIGN_IDENTITY[sdk=iphoneos*]" = "iPhone Developer";
				COPY_PHASE_STRIP = NO;
				GCC_C_LANGUAGE_STANDARD = gnu99;
				GCC_DYNAMIC_NO_PIC = NO;
				GCC_OPTIMIZATION_LEVEL = 0;
				GCC_PREPROCESSOR_DEFINITIONS = (
					"DEBUG=1",
					"$(inherited)",
				);
				GCC_SYMBOLS_PRIVATE_EXTERN = NO;
				GCC_WARN_ABOUT_RETURN_TYPE = YES;
				GCC_WARN_UNINITIALIZED_AUTOS = YES;
				GCC_WARN_UNUSED_VARIABLE = YES;
				IPHONEOS_DEPLOYMENT_TARGET = 6.0;
				ONLY_ACTIVE_ARCH = YES;
				SDKROOT = iphoneos;
			};
			name = Debug;
		};
		954115BC1651BFE100113346 /* Release */ = {
			isa = XCBuildConfiguration;
			buildSettings = {
				ALWAYS_SEARCH_USER_PATHS = NO;
				CLANG_CXX_LANGUAGE_STANDARD = "gnu++0x";
				CLANG_CXX_LIBRARY = "libc++";
				CLANG_ENABLE_OBJC_ARC = YES;
				CLANG_WARN_EMPTY_BODY = YES;
				CLANG_WARN__DUPLICATE_METHOD_MATCH = YES;
				"CODE_SIGN_IDENTITY[sdk=iphoneos*]" = "iPhone Developer";
				COPY_PHASE_STRIP = YES;
				GCC_C_LANGUAGE_STANDARD = gnu99;
				GCC_WARN_ABOUT_RETURN_TYPE = YES;
				GCC_WARN_UNINITIALIZED_AUTOS = YES;
				GCC_WARN_UNUSED_VARIABLE = YES;
				IPHONEOS_DEPLOYMENT_TARGET = 6.0;
				OTHER_CFLAGS = "-DNS_BLOCK_ASSERTIONS=1";
				SDKROOT = iphoneos;
				VALIDATE_PRODUCT = YES;
			};
			name = Release;
		};
		954115BE1651BFE100113346 /* Debug */ = {
			isa = XCBuildConfiguration;
			buildSettings = {
				GCC_PRECOMPILE_PREFIX_HEADER = YES;
				GCC_PREFIX_HEADER = "warehousedistrict/warehousedistrict-Prefix.pch";
				INFOPLIST_FILE = "warehousedistrict/warehousedistrict-Info.plist";
				PRODUCT_NAME = "$(TARGET_NAME)";
				WRAPPER_EXTENSION = app;
			};
			name = Debug;
		};
		954115BF1651BFE100113346 /* Release */ = {
			isa = XCBuildConfiguration;
			buildSettings = {
				GCC_PRECOMPILE_PREFIX_HEADER = YES;
				GCC_PREFIX_HEADER = "warehousedistrict/warehousedistrict-Prefix.pch";
				INFOPLIST_FILE = "warehousedistrict/warehousedistrict-Info.plist";
				PRODUCT_NAME = "$(TARGET_NAME)";
				WRAPPER_EXTENSION = app;
			};
			name = Release;
		};
/* End XCBuildConfiguration section */

/* Begin XCConfigurationList section */
		954115881651BFE100113346 /* Build configuration list for PBXProject "warehousedistrict" */ = {
			isa = XCConfigurationList;
			buildConfigurations = (
				954115BB1651BFE100113346 /* Debug */,
				954115BC1651BFE100113346 /* Release */,
			);
			defaultConfigurationIsVisible = 0;
			defaultConfigurationName = Release;
		};
		954115BD1651BFE100113346 /* Build configuration list for PBXNativeTarget "warehousedistrict" */ = {
			isa = XCConfigurationList;
			buildConfigurations = (
				954115BE1651BFE100113346 /* Debug */,
				954115BF1651BFE100113346 /* Release */,
			);
			defaultConfigurationIsVisible = 0;
			defaultConfigurationName = Release;
		};
/* End XCConfigurationList section */
	};
	rootObject = 954115851651BFE100113346 /* Project object */;
}
